// !$*UTF8*$!
{
	archiveVersion = 1;
	classes = {
	};
	objectVersion = 77;
	objects = {

/* Begin PBXBuildFile section */
		58D241902E2A8843002E0A23 /* WidgetKit.framework in Frameworks */ = {isa = PBXBuildFile; fileRef = 58D2418F2E2A8843002E0A23 /* WidgetKit.framework */; };
		58D241922E2A8843002E0A23 /* SwiftUI.framework in Frameworks */ = {isa = PBXBuildFile; fileRef = 58D241912E2A8843002E0A23 /* SwiftUI.framework */; };
		58D241A32E2A8844002E0A23 /* MindfulBooWidgetExtension.appex in Embed Foundation Extensions */ = {isa = PBXBuildFile; fileRef = 58D2418D2E2A8843002E0A23 /* MindfulBooWidgetExtension.appex */; settings = {ATTRIBUTES = (RemoveHeadersOnCopy, ); }; };
/* End PBXBuildFile section */

/* Begin PBXContainerItemProxy section */
		58C29C162E26C59200F66732 /* PBXContainerItemProxy */ = {
			isa = PBXContainerItemProxy;
			containerPortal = 58C29BFF2E26C59100F66732 /* Project object */;
			proxyType = 1;
			remoteGlobalIDString = 58C29C062E26C59100F66732;
			remoteInfo = MindfulBoo;
		};
		58C29C202E26C59200F66732 /* PBXContainerItemProxy */ = {
			isa = PBXContainerItemProxy;
			containerPortal = 58C29BFF2E26C59100F66732 /* Project object */;
			proxyType = 1;
			remoteGlobalIDString = 58C29C062E26C59100F66732;
			remoteInfo = MindfulBoo;
		};
		58D241A12E2A8844002E0A23 /* PBXContainerItemProxy */ = {
			isa = PBXContainerItemProxy;
			containerPortal = 58C29BFF2E26C59100F66732 /* Project object */;
			proxyType = 1;
			remoteGlobalIDString = 58D2418C2E2A8843002E0A23;
			remoteInfo = MindfulBooWidgetExtension;
		};
/* End PBXContainerItemProxy section */

/* Begin PBXCopyFilesBuildPhase section */
		58D241A82E2A8844002E0A23 /* Embed Foundation Extensions */ = {
			isa = PBXCopyFilesBuildPhase;
			buildActionMask = 2147483647;
			dstPath = "";
			dstSubfolderSpec = 13;
			files = (
				58D241A32E2A8844002E0A23 /* MindfulBooWidgetExtension.appex in Embed Foundation Extensions */,
			);
			name = "Embed Foundation Extensions";
			runOnlyForDeploymentPostprocessing = 0;
		};
/* End PBXCopyFilesBuildPhase section */

/* Begin PBXFileReference section */
		58C29C072E26C59100F66732 /* MindfulBoo.app */ = {isa = PBXFileReference; explicitFileType = wrapper.application; includeInIndex = 0; path = MindfulBoo.app; sourceTree = BUILT_PRODUCTS_DIR; };
		58C29C152E26C59200F66732 /* MindfulBooTests.xctest */ = {isa = PBXFileReference; explicitFileType = wrapper.cfbundle; includeInIndex = 0; path = MindfulBooTests.xctest; sourceTree = BUILT_PRODUCTS_DIR; };
		58C29C1F2E26C59200F66732 /* MindfulBooUITests.xctest */ = {isa = PBXFileReference; explicitFileType = wrapper.cfbundle; includeInIndex = 0; path = MindfulBooUITests.xctest; sourceTree = BUILT_PRODUCTS_DIR; };
		58D2418D2E2A8843002E0A23 /* MindfulBooWidgetExtension.appex */ = {isa = PBXFileReference; explicitFileType = "wrapper.app-extension"; includeInIndex = 0; path = MindfulBooWidgetExtension.appex; sourceTree = BUILT_PRODUCTS_DIR; };
		58D2418F2E2A8843002E0A23 /* WidgetKit.framework */ = {isa = PBXFileReference; lastKnownFileType = wrapper.framework; name = WidgetKit.framework; path = System/Library/Frameworks/WidgetKit.framework; sourceTree = SDKROOT; };
		58D241912E2A8843002E0A23 /* SwiftUI.framework */ = {isa = PBXFileReference; lastKnownFileType = wrapper.framework; name = SwiftUI.framework; path = System/Library/Frameworks/SwiftUI.framework; sourceTree = SDKROOT; };
/* End PBXFileReference section */

/* Begin PBXFileSystemSynchronizedBuildFileExceptionSet section */
		58C811692E8FCE1600326B39 /* Exceptions for "MindfulBoo" folder in "MindfulBoo" target */ = {
			isa = PBXFileSystemSynchronizedBuildFileExceptionSet;
			membershipExceptions = (
				Info.plist,
			);
			target = 58C29C062E26C59100F66732 /* MindfulBoo */;
		};
		58D241A42E2A8844002E0A23 /* Exceptions for "MindfulBooWidget" folder in "MindfulBooWidgetExtension" target */ = {
			isa = PBXFileSystemSynchronizedBuildFileExceptionSet;
			membershipExceptions = (
				Info.plist,
			);
			target = 58D2418C2E2A8843002E0A23 /* MindfulBooWidgetExtension */;
		};
/* End PBXFileSystemSynchronizedBuildFileExceptionSet section */

/* Begin PBXFileSystemSynchronizedRootGroup section */
		58C29C092E26C59100F66732 /* MindfulBoo */ = {
			isa = PBXFileSystemSynchronizedRootGroup;
			exceptions = (
				58C811692E8FCE1600326B39 /* Exceptions for "MindfulBoo" folder in "MindfulBoo" target */,
			);
			path = MindfulBoo;
			sourceTree = "<group>";
		};
		58C29C182E26C59200F66732 /* MindfulBooTests */ = {
			isa = PBXFileSystemSynchronizedRootGroup;
			path = MindfulBooTests;
			sourceTree = "<group>";
		};
		58C29C222E26C59200F66732 /* MindfulBooUITests */ = {
			isa = PBXFileSystemSynchronizedRootGroup;
			path = MindfulBooUITests;
			sourceTree = "<group>";
		};
		58D241932E2A8843002E0A23 /* MindfulBooWidget */ = {
			isa = PBXFileSystemSynchronizedRootGroup;
			exceptions = (
				58D241A42E2A8844002E0A23 /* Exceptions for "MindfulBooWidget" folder in "MindfulBooWidgetExtension" target */,
			);
			path = MindfulBooWidget;
			sourceTree = "<group>";
		};
/* End PBXFileSystemSynchronizedRootGroup section */

/* Begin PBXFrameworksBuildPhase section */
		58C29C042E26C59100F66732 /* Frameworks */ = {
			isa = PBXFrameworksBuildPhase;
			buildActionMask = 2147483647;
			files = (
			);
			runOnlyForDeploymentPostprocessing = 0;
		};
		58C29C122E26C59200F66732 /* Frameworks */ = {
			isa = PBXFrameworksBuildPhase;
			buildActionMask = 2147483647;
			files = (
			);
			runOnlyForDeploymentPostprocessing = 0;
		};
		58C29C1C2E26C59200F66732 /* Frameworks */ = {
			isa = PBXFrameworksBuildPhase;
			buildActionMask = 2147483647;
			files = (
			);
			runOnlyForDeploymentPostprocessing = 0;
		};
		58D2418A2E2A8843002E0A23 /* Frameworks */ = {
			isa = PBXFrameworksBuildPhase;
			buildActionMask = 2147483647;
			files = (
				58D241922E2A8843002E0A23 /* SwiftUI.framework in Frameworks */,
				58D241902E2A8843002E0A23 /* WidgetKit.framework in Frameworks */,
			);
			runOnlyForDeploymentPostprocessing = 0;
		};
/* End PBXFrameworksBuildPhase section */

/* Begin PBXGroup section */
		58C29BFE2E26C59100F66732 = {
			isa = PBXGroup;
			children = (
				58C29C092E26C59100F66732 /* MindfulBoo */,
				58C29C182E26C59200F66732 /* MindfulBooTests */,
				58C29C222E26C59200F66732 /* MindfulBooUITests */,
				58D241932E2A8843002E0A23 /* MindfulBooWidget */,
				58D2418E2E2A8843002E0A23 /* Frameworks */,
				58C29C082E26C59100F66732 /* Products */,
			);
			sourceTree = "<group>";
		};
		58C29C082E26C59100F66732 /* Products */ = {
			isa = PBXGroup;
			children = (
				58C29C072E26C59100F66732 /* MindfulBoo.app */,
				58C29C152E26C59200F66732 /* MindfulBooTests.xctest */,
				58C29C1F2E26C59200F66732 /* MindfulBooUITests.xctest */,
				58D2418D2E2A8843002E0A23 /* MindfulBooWidgetExtension.appex */,
			);
			name = Products;
			sourceTree = "<group>";
		};
		58D2418E2E2A8843002E0A23 /* Frameworks */ = {
			isa = PBXGroup;
			children = (
				58D2418F2E2A8843002E0A23 /* WidgetKit.framework */,
				58D241912E2A8843002E0A23 /* SwiftUI.framework */,
			);
			name = Frameworks;
			sourceTree = "<group>";
		};
/* End PBXGroup section */

/* Begin PBXNativeTarget section */
		58C29C062E26C59100F66732 /* MindfulBoo */ = {
			isa = PBXNativeTarget;
			buildConfigurationList = 58C29C292E26C59200F66732 /* Build configuration list for PBXNativeTarget "MindfulBoo" */;
			buildPhases = (
				58C29C032E26C59100F66732 /* Sources */,
				58C29C042E26C59100F66732 /* Frameworks */,
				58C29C052E26C59100F66732 /* Resources */,
				58D241A82E2A8844002E0A23 /* Embed Foundation Extensions */,
			);
			buildRules = (
			);
			dependencies = (
				58D241A22E2A8844002E0A23 /* PBXTargetDependency */,
			);
			fileSystemSynchronizedGroups = (
				58C29C092E26C59100F66732 /* MindfulBoo */,
			);
			name = MindfulBoo;
			packageProductDependencies = (
			);
			productName = MindfulBoo;
			productReference = 58C29C072E26C59100F66732 /* MindfulBoo.app */;
			productType = "com.apple.product-type.application";
		};
		58C29C142E26C59200F66732 /* MindfulBooTests */ = {
			isa = PBXNativeTarget;
			buildConfigurationList = 58C29C2C2E26C59200F66732 /* Build configuration list for PBXNativeTarget "MindfulBooTests" */;
			buildPhases = (
				58C29C112E26C59200F66732 /* Sources */,
				58C29C122E26C59200F66732 /* Frameworks */,
				58C29C132E26C59200F66732 /* Resources */,
			);
			buildRules = (
			);
			dependencies = (
				58C29C172E26C59200F66732 /* PBXTargetDependency */,
			);
			fileSystemSynchronizedGroups = (
				58C29C182E26C59200F66732 /* MindfulBooTests */,
			);
			name = MindfulBooTests;
			packageProductDependencies = (
			);
			productName = MindfulBooTests;
			productReference = 58C29C152E26C59200F66732 /* MindfulBooTests.xctest */;
			productType = "com.apple.product-type.bundle.unit-test";
		};
		58C29C1E2E26C59200F66732 /* MindfulBooUITests */ = {
			isa = PBXNativeTarget;
			buildConfigurationList = 58C29C2F2E26C59200F66732 /* Build configuration list for PBXNativeTarget "MindfulBooUITests" */;
			buildPhases = (
				58C29C1B2E26C59200F66732 /* Sources */,
				58C29C1C2E26C59200F66732 /* Frameworks */,
				58C29C1D2E26C59200F66732 /* Resources */,
			);
			buildRules = (
			);
			dependencies = (
				58C29C212E26C59200F66732 /* PBXTargetDependency */,
			);
			fileSystemSynchronizedGroups = (
				58C29C222E26C59200F66732 /* MindfulBooUITests */,
			);
			name = MindfulBooUITests;
			packageProductDependencies = (
			);
			productName = MindfulBooUITests;
			productReference = 58C29C1F2E26C59200F66732 /* MindfulBooUITests.xctest */;
			productType = "com.apple.product-type.bundle.ui-testing";
		};
		58D2418C2E2A8843002E0A23 /* MindfulBooWidgetExtension */ = {
			isa = PBXNativeTarget;
			buildConfigurationList = 58D241A52E2A8844002E0A23 /* Build configuration list for PBXNativeTarget "MindfulBooWidgetExtension" */;
			buildPhases = (
				58D241892E2A8843002E0A23 /* Sources */,
				58D2418A2E2A8843002E0A23 /* Frameworks */,
				58D2418B2E2A8843002E0A23 /* Resources */,
			);
			buildRules = (
			);
			dependencies = (
			);
			fileSystemSynchronizedGroups = (
				58D241932E2A8843002E0A23 /* MindfulBooWidget */,
			);
			name = MindfulBooWidgetExtension;
			packageProductDependencies = (
			);
			productName = MindfulBooWidgetExtension;
			productReference = 58D2418D2E2A8843002E0A23 /* MindfulBooWidgetExtension.appex */;
			productType = "com.apple.product-type.app-extension";
		};
/* End PBXNativeTarget section */

/* Begin PBXProject section */
		58C29BFF2E26C59100F66732 /* Project object */ = {
			isa = PBXProject;
			attributes = {
				BuildIndependentTargetsInParallel = 1;
				LastSwiftUpdateCheck = 1640;
				LastUpgradeCheck = 1640;
				TargetAttributes = {
					58C29C062E26C59100F66732 = {
						CreatedOnToolsVersion = 16.4;
					};
					58C29C142E26C59200F66732 = {
						CreatedOnToolsVersion = 16.4;
						TestTargetID = 58C29C062E26C59100F66732;
					};
					58C29C1E2E26C59200F66732 = {
						CreatedOnToolsVersion = 16.4;
						TestTargetID = 58C29C062E26C59100F66732;
					};
					58D2418C2E2A8843002E0A23 = {
						CreatedOnToolsVersion = 16.4;
					};
				};
			};
			buildConfigurationList = 58C29C022E26C59100F66732 /* Build configuration list for PBXProject "MindfulBoo" */;
			developmentRegion = en;
			hasScannedForEncodings = 0;
			knownRegions = (
				en,
				Base,
			);
			mainGroup = 58C29BFE2E26C59100F66732;
			minimizedProjectReferenceProxies = 1;
			preferredProjectObjectVersion = 77;
			productRefGroup = 58C29C082E26C59100F66732 /* Products */;
			projectDirPath = "";
			projectRoot = "";
			targets = (
				58C29C062E26C59100F66732 /* MindfulBoo */,
				58C29C142E26C59200F66732 /* MindfulBooTests */,
				58C29C1E2E26C59200F66732 /* MindfulBooUITests */,
				58D2418C2E2A8843002E0A23 /* MindfulBooWidgetExtension */,
			);
		};
/* End PBXProject section */

/* Begin PBXResourcesBuildPhase section */
		58C29C052E26C59100F66732 /* Resources */ = {
			isa = PBXResourcesBuildPhase;
			buildActionMask = 2147483647;
			files = (
			);
			runOnlyForDeploymentPostprocessing = 0;
		};
		58C29C132E26C59200F66732 /* Resources */ = {
			isa = PBXResourcesBuildPhase;
			buildActionMask = 2147483647;
			files = (
			);
			runOnlyForDeploymentPostprocessing = 0;
		};
		58C29C1D2E26C59200F66732 /* Resources */ = {
			isa = PBXResourcesBuildPhase;
			buildActionMask = 2147483647;
			files = (
			);
			runOnlyForDeploymentPostprocessing = 0;
		};
		58D2418B2E2A8843002E0A23 /* Resources */ = {
			isa = PBXResourcesBuildPhase;
			buildActionMask = 2147483647;
			files = (
			);
			runOnlyForDeploymentPostprocessing = 0;
		};
/* End PBXResourcesBuildPhase section */

/* Begin PBXSourcesBuildPhase section */
		58C29C032E26C59100F66732 /* Sources */ = {
			isa = PBXSourcesBuildPhase;
			buildActionMask = 2147483647;
			files = (
			);
			runOnlyForDeploymentPostprocessing = 0;
		};
		58C29C112E26C59200F66732 /* Sources */ = {
			isa = PBXSourcesBuildPhase;
			buildActionMask = 2147483647;
			files = (
			);
			runOnlyForDeploymentPostprocessing = 0;
		};
		58C29C1B2E26C59200F66732 /* Sources */ = {
			isa = PBXSourcesBuildPhase;
			buildActionMask = 2147483647;
			files = (
			);
			runOnlyForDeploymentPostprocessing = 0;
		};
		58D241892E2A8843002E0A23 /* Sources */ = {
			isa = PBXSourcesBuildPhase;
			buildActionMask = 2147483647;
			files = (
			);
			runOnlyForDeploymentPostprocessing = 0;
		};
/* End PBXSourcesBuildPhase section */

/* Begin PBXTargetDependency section */
		58C29C172E26C59200F66732 /* PBXTargetDependency */ = {
			isa = PBXTargetDependency;
			target = 58C29C062E26C59100F66732 /* MindfulBoo */;
			targetProxy = 58C29C162E26C59200F66732 /* PBXContainerItemProxy */;
		};
		58C29C212E26C59200F66732 /* PBXTargetDependency */ = {
			isa = PBXTargetDependency;
			target = 58C29C062E26C59100F66732 /* MindfulBoo */;
			targetProxy = 58C29C202E26C59200F66732 /* PBXContainerItemProxy */;
		};
		58D241A22E2A8844002E0A23 /* PBXTargetDependency */ = {
			isa = PBXTargetDependency;
			target = 58D2418C2E2A8843002E0A23 /* MindfulBooWidgetExtension */;
			targetProxy = 58D241A12E2A8844002E0A23 /* PBXContainerItemProxy */;
		};
/* End PBXTargetDependency section */

/* Begin XCBuildConfiguration section */
		58C29C272E26C59200F66732 /* Debug */ = {
			isa = XCBuildConfiguration;
			buildSettings = {
				ALWAYS_SEARCH_USER_PATHS = NO;
				ASSETCATALOG_COMPILER_GENERATE_SWIFT_ASSET_SYMBOL_EXTENSIONS = YES;
				CLANG_ANALYZER_NONNULL = YES;
				CLANG_ANALYZER_NUMBER_OBJECT_CONVERSION = YES_AGGRESSIVE;
				CLANG_CXX_LANGUAGE_STANDARD = "gnu++20";
				CLANG_ENABLE_MODULES = YES;
				CLANG_ENABLE_OBJC_ARC = YES;
				CLANG_ENABLE_OBJC_WEAK = YES;
				CLANG_WARN_BLOCK_CAPTURE_AUTORELEASING = YES;
				CLANG_WARN_BOOL_CONVERSION = YES;
				CLANG_WARN_COMMA = YES;
				CLANG_WARN_CONSTANT_CONVERSION = YES;
				CLANG_WARN_DEPRECATED_OBJC_IMPLEMENTATIONS = YES;
				CLANG_WARN_DIRECT_OBJC_ISA_USAGE = YES_ERROR;
				CLANG_WARN_DOCUMENTATION_COMMENTS = YES;
				CLANG_WARN_EMPTY_BODY = YES;
				CLANG_WARN_ENUM_CONVERSION = YES;
				CLANG_WARN_INFINITE_RECURSION = YES;
				CLANG_WARN_INT_CONVERSION = YES;
				CLANG_WARN_NON_LITERAL_NULL_CONVERSION = YES;
				CLANG_WARN_OBJC_IMPLICIT_RETAIN_SELF = YES;
				CLANG_WARN_OBJC_LITERAL_CONVERSION = YES;
				CLANG_WARN_OBJC_ROOT_CLASS = YES_ERROR;
				CLANG_WARN_QUOTED_INCLUDE_IN_FRAMEWORK_HEADER = YES;
				CLANG_WARN_RANGE_LOOP_ANALYSIS = YES;
				CLANG_WARN_STRICT_PROTOTYPES = YES;
				CLANG_WARN_SUSPICIOUS_MOVE = YES;
				CLANG_WARN_UNGUARDED_AVAILABILITY = YES_AGGRESSIVE;
				CLANG_WARN_UNREACHABLE_CODE = YES;
				CLANG_WARN__DUPLICATE_METHOD_MATCH = YES;
				COPY_PHASE_STRIP = NO;
				DEBUG_INFORMATION_FORMAT = dwarf;
				DEVELOPMENT_TEAM = 6AWG6XKD86;
				ENABLE_STRICT_OBJC_MSGSEND = YES;
				ENABLE_TESTABILITY = YES;
				ENABLE_USER_SCRIPT_SANDBOXING = YES;
				GCC_C_LANGUAGE_STANDARD = gnu17;
				GCC_DYNAMIC_NO_PIC = NO;
				GCC_NO_COMMON_BLOCKS = YES;
				GCC_OPTIMIZATION_LEVEL = 0;
				GCC_PREPROCESSOR_DEFINITIONS = (
					"DEBUG=1",
					"$(inherited)",
				);
				GCC_WARN_64_TO_32_BIT_CONVERSION = YES;
				GCC_WARN_ABOUT_RETURN_TYPE = YES_ERROR;
				GCC_WARN_UNDECLARED_SELECTOR = YES;
				GCC_WARN_UNINITIALIZED_AUTOS = YES_AGGRESSIVE;
				GCC_WARN_UNUSED_FUNCTION = YES;
				GCC_WARN_UNUSED_VARIABLE = YES;
				LOCALIZATION_PREFERS_STRING_CATALOGS = YES;
				MTL_ENABLE_DEBUG_INFO = INCLUDE_SOURCE;
				MTL_FAST_MATH = YES;
				ONLY_ACTIVE_ARCH = YES;
				SWIFT_ACTIVE_COMPILATION_CONDITIONS = "DEBUG $(inherited)";
				SWIFT_OPTIMIZATION_LEVEL = "-Onone";
			};
			name = Debug;
		};
		58C29C282E26C59200F66732 /* Release */ = {
			isa = XCBuildConfiguration;
			buildSettings = {
				ALWAYS_SEARCH_USER_PATHS = NO;
				ASSETCATALOG_COMPILER_GENERATE_SWIFT_ASSET_SYMBOL_EXTENSIONS = YES;
				CLANG_ANALYZER_NONNULL = YES;
				CLANG_ANALYZER_NUMBER_OBJECT_CONVERSION = YES_AGGRESSIVE;
				CLANG_CXX_LANGUAGE_STANDARD = "gnu++20";
				CLANG_ENABLE_MODULES = YES;
				CLANG_ENABLE_OBJC_ARC = YES;
				CLANG_ENABLE_OBJC_WEAK = YES;
				CLANG_WARN_BLOCK_CAPTURE_AUTORELEASING = YES;
				CLANG_WARN_BOOL_CONVERSION = YES;
				CLANG_WARN_COMMA = YES;
				CLANG_WARN_CONSTANT_CONVERSION = YES;
				CLANG_WARN_DEPRECATED_OBJC_IMPLEMENTATIONS = YES;
				CLANG_WARN_DIRECT_OBJC_ISA_USAGE = YES_ERROR;
				CLANG_WARN_DOCUMENTATION_COMMENTS = YES;
				CLANG_WARN_EMPTY_BODY = YES;
				CLANG_WARN_ENUM_CONVERSION = YES;
				CLANG_WARN_INFINITE_RECURSION = YES;
				CLANG_WARN_INT_CONVERSION = YES;
				CLANG_WARN_NON_LITERAL_NULL_CONVERSION = YES;
				CLANG_WARN_OBJC_IMPLICIT_RETAIN_SELF = YES;
				CLANG_WARN_OBJC_LITERAL_CONVERSION = YES;
				CLANG_WARN_OBJC_ROOT_CLASS = YES_ERROR;
				CLANG_WARN_QUOTED_INCLUDE_IN_FRAMEWORK_HEADER = YES;
				CLANG_WARN_RANGE_LOOP_ANALYSIS = YES;
				CLANG_WARN_STRICT_PROTOTYPES = YES;
				CLANG_WARN_SUSPICIOUS_MOVE = YES;
				CLANG_WARN_UNGUARDED_AVAILABILITY = YES_AGGRESSIVE;
				CLANG_WARN_UNREACHABLE_CODE = YES;
				CLANG_WARN__DUPLICATE_METHOD_MATCH = YES;
				COPY_PHASE_STRIP = NO;
				DEBUG_INFORMATION_FORMAT = "dwarf-with-dsym";
				DEVELOPMENT_TEAM = 6AWG6XKD86;
				ENABLE_NS_ASSERTIONS = NO;
				ENABLE_STRICT_OBJC_MSGSEND = YES;
				ENABLE_USER_SCRIPT_SANDBOXING = YES;
				GCC_C_LANGUAGE_STANDARD = gnu17;
				GCC_NO_COMMON_BLOCKS = YES;
				GCC_WARN_64_TO_32_BIT_CONVERSION = YES;
				GCC_WARN_ABOUT_RETURN_TYPE = YES_ERROR;
				GCC_WARN_UNDECLARED_SELECTOR = YES;
				GCC_WARN_UNINITIALIZED_AUTOS = YES_AGGRESSIVE;
				GCC_WARN_UNUSED_FUNCTION = YES;
				GCC_WARN_UNUSED_VARIABLE = YES;
				LOCALIZATION_PREFERS_STRING_CATALOGS = YES;
				MTL_ENABLE_DEBUG_INFO = NO;
				MTL_FAST_MATH = YES;
				SWIFT_COMPILATION_MODE = wholemodule;
			};
			name = Release;
		};
		58C29C2A2E26C59200F66732 /* Debug */ = {
			isa = XCBuildConfiguration;
			buildSettings = {
				ASSETCATALOG_COMPILER_APPICON_NAME = AppIcon;
				ASSETCATALOG_COMPILER_GLOBAL_ACCENT_COLOR_NAME = AccentColor;
				CODE_SIGN_ENTITLEMENTS = MindfulBoo/MindfulBoo/MindfulBoo.entitlements;
				CODE_SIGN_STYLE = Automatic;
				CURRENT_PROJECT_VERSION = 3;
				DEVELOPMENT_TEAM = 6AWG6XKD86;
				ENABLE_HARDENED_RUNTIME = YES;
				ENABLE_PREVIEWS = YES;
				GENERATE_INFOPLIST_FILE = YES;
				INFOPLIST_FILE = MindfulBoo/Info.plist;
				INFOPLIST_KEY_NSHealthShareUsageDescription = "This app needs to read your health data to track meditation sessions and provide insights about your wellness journey.";
				INFOPLIST_KEY_NSHealthUpdateUsageDescription = "This app needs to save your meditation sessions to HealthKit to track your mindfulness practice and wellness progress.";
				INFOPLIST_KEY_NSSupportsLiveActivities = YES;
				"INFOPLIST_KEY_UIApplicationSceneManifest_Generation[sdk=iphoneos*]" = YES;
				"INFOPLIST_KEY_UIApplicationSceneManifest_Generation[sdk=iphonesimulator*]" = YES;
				"INFOPLIST_KEY_UIApplicationSupportsIndirectInputEvents[sdk=iphoneos*]" = YES;
				"INFOPLIST_KEY_UIApplicationSupportsIndirectInputEvents[sdk=iphonesimulator*]" = YES;
				INFOPLIST_KEY_UIBackgroundModes = "audio background-processing";
				"INFOPLIST_KEY_UILaunchScreen_Generation[sdk=iphoneos*]" = YES;
				"INFOPLIST_KEY_UILaunchScreen_Generation[sdk=iphonesimulator*]" = YES;
				"INFOPLIST_KEY_UIStatusBarStyle[sdk=iphoneos*]" = UIStatusBarStyleDefault;
				"INFOPLIST_KEY_UIStatusBarStyle[sdk=iphonesimulator*]" = UIStatusBarStyleDefault;
				INFOPLIST_KEY_UISupportedInterfaceOrientations_iPad = "UIInterfaceOrientationPortrait UIInterfaceOrientationPortraitUpsideDown UIInterfaceOrientationLandscapeLeft UIInterfaceOrientationLandscapeRight";
				INFOPLIST_KEY_UISupportedInterfaceOrientations_iPhone = "UIInterfaceOrientationPortrait UIInterfaceOrientationLandscapeLeft UIInterfaceOrientationLandscapeRight";
				IPHONEOS_DEPLOYMENT_TARGET = 18.5;
				LD_RUNPATH_SEARCH_PATHS = "@executable_path/Frameworks";
				"LD_RUNPATH_SEARCH_PATHS[sdk=macosx*]" = "@executable_path/../Frameworks";
				MACOSX_DEPLOYMENT_TARGET = 15.5;
				MARKETING_VERSION = 1.7;
				PRODUCT_BUNDLE_IDENTIFIER = evangelosmeklis.MindfulBoo;
				PRODUCT_NAME = "$(TARGET_NAME)";
				REGISTER_APP_GROUPS = YES;
				SDKROOT = auto;
				SUPPORTED_PLATFORMS = "iphoneos iphonesimulator macosx xros xrsimulator";
				SWIFT_EMIT_LOC_STRINGS = YES;
				SWIFT_VERSION = 5.0;
				TARGETED_DEVICE_FAMILY = "1,2,7";
				XROS_DEPLOYMENT_TARGET = 2.5;
			};
			name = Debug;
		};
		58C29C2B2E26C59200F66732 /* Release */ = {
			isa = XCBuildConfiguration;
			buildSettings = {
				ASSETCATALOG_COMPILER_APPICON_NAME = AppIcon;
				ASSETCATALOG_COMPILER_GLOBAL_ACCENT_COLOR_NAME = AccentColor;
				CODE_SIGN_ENTITLEMENTS = MindfulBoo/MindfulBoo/MindfulBoo.entitlements;
				CODE_SIGN_STYLE = Automatic;
				CURRENT_PROJECT_VERSION = 3;
				DEVELOPMENT_TEAM = 6AWG6XKD86;
				ENABLE_HARDENED_RUNTIME = YES;
				ENABLE_PREVIEWS = YES;
				GENERATE_INFOPLIST_FILE = YES;
				INFOPLIST_FILE = MindfulBoo/Info.plist;
				INFOPLIST_KEY_NSHealthShareUsageDescription = "This app needs to read your health data to track meditation sessions and provide insights about your wellness journey.";
				INFOPLIST_KEY_NSHealthUpdateUsageDescription = "This app needs to save your meditation sessions to HealthKit to track your mindfulness practice and wellness progress.";
				INFOPLIST_KEY_NSSupportsLiveActivities = YES;
				"INFOPLIST_KEY_UIApplicationSceneManifest_Generation[sdk=iphoneos*]" = YES;
				"INFOPLIST_KEY_UIApplicationSceneManifest_Generation[sdk=iphonesimulator*]" = YES;
				"INFOPLIST_KEY_UIApplicationSupportsIndirectInputEvents[sdk=iphoneos*]" = YES;
				"INFOPLIST_KEY_UIApplicationSupportsIndirectInputEvents[sdk=iphonesimulator*]" = YES;
				INFOPLIST_KEY_UIBackgroundModes = "audio background-processing";
				"INFOPLIST_KEY_UILaunchScreen_Generation[sdk=iphoneos*]" = YES;
				"INFOPLIST_KEY_UILaunchScreen_Generation[sdk=iphonesimulator*]" = YES;
				"INFOPLIST_KEY_UIStatusBarStyle[sdk=iphoneos*]" = UIStatusBarStyleDefault;
				"INFOPLIST_KEY_UIStatusBarStyle[sdk=iphonesimulator*]" = UIStatusBarStyleDefault;
				INFOPLIST_KEY_UISupportedInterfaceOrientations_iPad = "UIInterfaceOrientationPortrait UIInterfaceOrientationPortraitUpsideDown UIInterfaceOrientationLandscapeLeft UIInterfaceOrientationLandscapeRight";
				INFOPLIST_KEY_UISupportedInterfaceOrientations_iPhone = "UIInterfaceOrientationPortrait UIInterfaceOrientationLandscapeLeft UIInterfaceOrientationLandscapeRight";
				IPHONEOS_DEPLOYMENT_TARGET = 18.5;
				LD_RUNPATH_SEARCH_PATHS = "@executable_path/Frameworks";
				"LD_RUNPATH_SEARCH_PATHS[sdk=macosx*]" = "@executable_path/../Frameworks";
				MACOSX_DEPLOYMENT_TARGET = 15.5;
				MARKETING_VERSION = 1.7;
				PRODUCT_BUNDLE_IDENTIFIER = evangelosmeklis.MindfulBoo;
				PRODUCT_NAME = "$(TARGET_NAME)";
				REGISTER_APP_GROUPS = YES;
				SDKROOT = auto;
				SUPPORTED_PLATFORMS = "iphoneos iphonesimulator macosx xros xrsimulator";
				SWIFT_EMIT_LOC_STRINGS = YES;
				SWIFT_VERSION = 5.0;
				TARGETED_DEVICE_FAMILY = "1,2,7";
				XROS_DEPLOYMENT_TARGET = 2.5;
			};
			name = Release;
		};
		58C29C2D2E26C59200F66732 /* Debug */ = {
			isa = XCBuildConfiguration;
			buildSettings = {
				BUNDLE_LOADER = "$(TEST_HOST)";
				CODE_SIGN_STYLE = Automatic;
				CURRENT_PROJECT_VERSION = 3;
				DEVELOPMENT_TEAM = 6AWG6XKD86;
				GENERATE_INFOPLIST_FILE = YES;
				IPHONEOS_DEPLOYMENT_TARGET = 18.5;
				MACOSX_DEPLOYMENT_TARGET = 15.5;
				MARKETING_VERSION = 1.7;
				PRODUCT_BUNDLE_IDENTIFIER = evangelosmeklis.MindfulBooTests;
				PRODUCT_NAME = "$(TARGET_NAME)";
				SDKROOT = auto;
				SUPPORTED_PLATFORMS = "iphoneos iphonesimulator macosx xros xrsimulator";
				SWIFT_EMIT_LOC_STRINGS = NO;
				SWIFT_VERSION = 5.0;
				TARGETED_DEVICE_FAMILY = "1,2,7";
				TEST_HOST = "$(BUILT_PRODUCTS_DIR)/MindfulBoo.app/$(BUNDLE_EXECUTABLE_FOLDER_PATH)/MindfulBoo";
				XROS_DEPLOYMENT_TARGET = 2.5;
			};
			name = Debug;
		};
		58C29C2E2E26C59200F66732 /* Release */ = {
			isa = XCBuildConfiguration;
			buildSettings = {
				BUNDLE_LOADER = "$(TEST_HOST)";
				CODE_SIGN_STYLE = Automatic;
				CURRENT_PROJECT_VERSION = 3;
				DEVELOPMENT_TEAM = 6AWG6XKD86;
				GENERATE_INFOPLIST_FILE = YES;
				IPHONEOS_DEPLOYMENT_TARGET = 18.5;
				MACOSX_DEPLOYMENT_TARGET = 15.5;
				MARKETING_VERSION = 1.7;
				PRODUCT_BUNDLE_IDENTIFIER = evangelosmeklis.MindfulBooTests;
				PRODUCT_NAME = "$(TARGET_NAME)";
				SDKROOT = auto;
				SUPPORTED_PLATFORMS = "iphoneos iphonesimulator macosx xros xrsimulator";
				SWIFT_EMIT_LOC_STRINGS = NO;
				SWIFT_VERSION = 5.0;
				TARGETED_DEVICE_FAMILY = "1,2,7";
				TEST_HOST = "$(BUILT_PRODUCTS_DIR)/MindfulBoo.app/$(BUNDLE_EXECUTABLE_FOLDER_PATH)/MindfulBoo";
				XROS_DEPLOYMENT_TARGET = 2.5;
			};
			name = Release;
		};
		58C29C302E26C59200F66732 /* Debug */ = {
			isa = XCBuildConfiguration;
			buildSettings = {
				CODE_SIGN_STYLE = Automatic;
				CURRENT_PROJECT_VERSION = 3;
				DEVELOPMENT_TEAM = 6AWG6XKD86;
				GENERATE_INFOPLIST_FILE = YES;
				IPHONEOS_DEPLOYMENT_TARGET = 18.5;
				MACOSX_DEPLOYMENT_TARGET = 15.5;
				MARKETING_VERSION = 1.7;
				PRODUCT_BUNDLE_IDENTIFIER = evangelosmeklis.MindfulBooUITests;
				PRODUCT_NAME = "$(TARGET_NAME)";
				SDKROOT = auto;
				SUPPORTED_PLATFORMS = "iphoneos iphonesimulator macosx xros xrsimulator";
				SWIFT_EMIT_LOC_STRINGS = NO;
				SWIFT_VERSION = 5.0;
				TARGETED_DEVICE_FAMILY = "1,2,7";
				TEST_TARGET_NAME = MindfulBoo;
				XROS_DEPLOYMENT_TARGET = 2.5;
			};
			name = Debug;
		};
		58C29C312E26C59200F66732 /* Release */ = {
			isa = XCBuildConfiguration;
			buildSettings = {
				CODE_SIGN_STYLE = Automatic;
				CURRENT_PROJECT_VERSION = 3;
				DEVELOPMENT_TEAM = 6AWG6XKD86;
				GENERATE_INFOPLIST_FILE = YES;
				IPHONEOS_DEPLOYMENT_TARGET = 18.5;
				MACOSX_DEPLOYMENT_TARGET = 15.5;
				MARKETING_VERSION = 1.7;
				PRODUCT_BUNDLE_IDENTIFIER = evangelosmeklis.MindfulBooUITests;
				PRODUCT_NAME = "$(TARGET_NAME)";
				SDKROOT = auto;
				SUPPORTED_PLATFORMS = "iphoneos iphonesimulator macosx xros xrsimulator";
				SWIFT_EMIT_LOC_STRINGS = NO;
				SWIFT_VERSION = 5.0;
				TARGETED_DEVICE_FAMILY = "1,2,7";
				TEST_TARGET_NAME = MindfulBoo;
				XROS_DEPLOYMENT_TARGET = 2.5;
			};
			name = Release;
		};
		58D241A62E2A8844002E0A23 /* Debug */ = {
			isa = XCBuildConfiguration;
			buildSettings = {
				ASSETCATALOG_COMPILER_GLOBAL_ACCENT_COLOR_NAME = AccentColor;
				ASSETCATALOG_COMPILER_WIDGET_BACKGROUND_COLOR_NAME = WidgetBackground;
				CODE_SIGN_STYLE = Automatic;
				CURRENT_PROJECT_VERSION = 3;
				DEVELOPMENT_TEAM = 6AWG6XKD86;
				GENERATE_INFOPLIST_FILE = YES;
				INFOPLIST_FILE = MindfulBooWidget/Info.plist;
				INFOPLIST_KEY_CFBundleDisplayName = MindfulBooWidget;
				INFOPLIST_KEY_NSHumanReadableCopyright = "";
				IPHONEOS_DEPLOYMENT_TARGET = 18.5;
				LD_RUNPATH_SEARCH_PATHS = (
					"$(inherited)",
					"@executable_path/Frameworks",
					"@executable_path/../../Frameworks",
				);
				MARKETING_VERSION = 1.7;
				PRODUCT_BUNDLE_IDENTIFIER = evangelosmeklis.MindfulBoo.MindfulBooWidget;
				PRODUCT_NAME = "$(TARGET_NAME)";
				SDKROOT = iphoneos;
				SKIP_INSTALL = YES;
				SWIFT_EMIT_LOC_STRINGS = YES;
				SWIFT_VERSION = 5.0;
				TARGETED_DEVICE_FAMILY = "1,2";
			};
			name = Debug;
		};
		58D241A72E2A8844002E0A23 /* Release */ = {
			isa = XCBuildConfiguration;
			buildSettings = {
				ASSETCATALOG_COMPILER_GLOBAL_ACCENT_COLOR_NAME = AccentColor;
				ASSETCATALOG_COMPILER_WIDGET_BACKGROUND_COLOR_NAME = WidgetBackground;
				CODE_SIGN_STYLE = Automatic;
				CURRENT_PROJECT_VERSION = 3;
				DEVELOPMENT_TEAM = 6AWG6XKD86;
				GENERATE_INFOPLIST_FILE = YES;
				INFOPLIST_FILE = MindfulBooWidget/Info.plist;
				INFOPLIST_KEY_CFBundleDisplayName = MindfulBooWidget;
				INFOPLIST_KEY_NSHumanReadableCopyright = "";
				IPHONEOS_DEPLOYMENT_TARGET = 18.5;
				LD_RUNPATH_SEARCH_PATHS = (
					"$(inherited)",
					"@executable_path/Frameworks",
					"@executable_path/../../Frameworks",
				);
				MARKETING_VERSION = 1.7;
				PRODUCT_BUNDLE_IDENTIFIER = evangelosmeklis.MindfulBoo.MindfulBooWidget;
				PRODUCT_NAME = "$(TARGET_NAME)";
				SDKROOT = iphoneos;
				SKIP_INSTALL = YES;
				SWIFT_EMIT_LOC_STRINGS = YES;
				SWIFT_VERSION = 5.0;
				TARGETED_DEVICE_FAMILY = "1,2";
				VALIDATE_PRODUCT = YES;
			};
			name = Release;
		};
/* End XCBuildConfiguration section */

/* Begin XCConfigurationList section */
		58C29C022E26C59100F66732 /* Build configuration list for PBXProject "MindfulBoo" */ = {
			isa = XCConfigurationList;
			buildConfigurations = (
				58C29C272E26C59200F66732 /* Debug */,
				58C29C282E26C59200F66732 /* Release */,
			);
			defaultConfigurationIsVisible = 0;
			defaultConfigurationName = Release;
		};
		58C29C292E26C59200F66732 /* Build configuration list for PBXNativeTarget "MindfulBoo" */ = {
			isa = XCConfigurationList;
			buildConfigurations = (
				58C29C2A2E26C59200F66732 /* Debug */,
				58C29C2B2E26C59200F66732 /* Release */,
			);
			defaultConfigurationIsVisible = 0;
			defaultConfigurationName = Release;
		};
		58C29C2C2E26C59200F66732 /* Build configuration list for PBXNativeTarget "MindfulBooTests" */ = {
			isa = XCConfigurationList;
			buildConfigurations = (
				58C29C2D2E26C59200F66732 /* Debug */,
				58C29C2E2E26C59200F66732 /* Release */,
			);
			defaultConfigurationIsVisible = 0;
			defaultConfigurationName = Release;
		};
		58C29C2F2E26C59200F66732 /* Build configuration list for PBXNativeTarget "MindfulBooUITests" */ = {
			isa = XCConfigurationList;
			buildConfigurations = (
				58C29C302E26C59200F66732 /* Debug */,
				58C29C312E26C59200F66732 /* Release */,
			);
			defaultConfigurationIsVisible = 0;
			defaultConfigurationName = Release;
		};
		58D241A52E2A8844002E0A23 /* Build configuration list for PBXNativeTarget "MindfulBooWidgetExtension" */ = {
			isa = XCConfigurationList;
			buildConfigurations = (
				58D241A62E2A8844002E0A23 /* Debug */,
				58D241A72E2A8844002E0A23 /* Release */,
			);
			defaultConfigurationIsVisible = 0;
			defaultConfigurationName = Release;
		};
/* End XCConfigurationList section */
	};
	rootObject = 58C29BFF2E26C59100F66732 /* Project object */;
}
